
Microsoft Visual Studio Solution File, Format Version 12.00
Project("{FAE04EC0-301F-11D3-BF4B-00C04F79EFBC}") = "Installer", "Installer\Installer.csproj", "{64BDD3FD-AC90-4E64-8A02-11D36CC81BE5}"
EndProject
Project("{FAE04EC0-301F-11D3-BF4B-00C04F79EFBC}") = "Publisher-Ava", "Publisher-Ava\Publisher-Ava.csproj", "{B086D2A4-E8D4-4FA7-AA36-BF326C7DC227}"
EndProject
Global
	GlobalSection(SolutionConfigurationPlatforms) = preSolution
		Debug|Any CPU = Debug|Any CPU
		Release|Any CPU = Release|Any CPU
	EndGlobalSection
	GlobalSection(ProjectConfigurationPlatforms) = postSolution
		{64BDD3FD-AC90-4E64-8A02-11D36CC81BE5}.Debug|Any CPU.ActiveCfg = Debug|Any CPU
		{64BDD3FD-AC90-4E64-8A02-11D36CC81BE5}.Debug|Any CPU.Build.0 = Debug|Any CPU
		{64BDD3FD-AC90-4E64-8A02-11D36CC81BE5}.Release|Any CPU.ActiveCfg = Release|Any CPU
		{64BDD3FD-AC90-4E64-8A02-11D36CC81BE5}.Release|Any CPU.Build.0 = Release|Any CPU
		{B086D2A4-E8D4-4FA7-AA36-BF326C7DC227}.Debug|Any CPU.ActiveCfg = Debug|Any CPU
		{B086D2A4-E8D4-4FA7-AA36-BF326C7DC227}.Debug|Any CPU.Build.0 = Debug|Any CPU
		{B086D2A4-E8D4-4FA7-AA36-BF326C7DC227}.Release|Any CPU.ActiveCfg = Release|Any CPU
		{B086D2A4-E8D4-4FA7-AA36-BF326C7DC227}.Release|Any CPU.Build.0 = Release|Any CPU
	EndGlobalSection
EndGlobal
